
Microsoft Visual Studio Solution File, Format Version 12.00
# Visual Studio Version 17
VisualStudioVersion = 17.8.34322.80
MinimumVisualStudioVersion = 10.0.40219.1
Project("{FAE04EC0-301F-11D3-BF4B-00C04F79EFBC}") = "XLR8", "XLR8\XLR8.csproj", "{31D21BE5-55C2-4A36-9F29-05EC15CF95AB}"
EndProject
Global
	GlobalSection(SolutionConfigurationPlatforms) = preSolution
		Debug|Any CPU = Debug|Any CPU
		Release|Any CPU = Release|Any CPU
	EndGlobalSection
	GlobalSection(ProjectConfigurationPlatforms) = postSolution
		{31D21BE5-55C2-4A36-9F29-05EC15CF95AB}.Debug|Any CPU.ActiveCfg = Debug|Any CPU
		{31D21BE5-55C2-4A36-9F29-05EC15CF95AB}.Debug|Any CPU.Build.0 = Debug|Any CPU
		{31D21BE5-55C2-4A36-9F29-05EC15CF95AB}.Release|Any CPU.ActiveCfg = Release|Any CPU
		{31D21BE5-55C2-4A36-9F29-05EC15CF95AB}.Release|Any CPU.Build.0 = Release|Any CPU
	EndGlobalSection
	GlobalSection(SolutionProperties) = preSolution
		HideSolutionNode = FALSE
	EndGlobalSection
	GlobalSection(ExtensibilityGlobals) = postSolution
		SolutionGuid = {D8473AB3-84EE-4EA6-96D0-1D1A00D3941E}
	EndGlobalSection
EndGlobal
